// !$*UTF8*$!
{
	archiveVersion = 1;
	classes = {
	};
	objectVersion = 56;
	objects = {

/* Begin PBXBuildFile section */
		57E87FAA6F420BB039D335D1 /* Pods_PLAttendance.framework in Frameworks */ = {isa = PBXBuildFile; fileRef = 71952A098607621BE60108BC /* Pods_PLAttendance.framework */; };
		782FE1392A0A77CA001B33D4 /* AppDelegate.swift in Sources */ = {isa = PBXBuildFile; fileRef = 782FE1382A0A77CA001B33D4 /* AppDelegate.swift */; };
		782FE13B2A0A77CA001B33D4 /* SceneDelegate.swift in Sources */ = {isa = PBXBuildFile; fileRef = 782FE13A2A0A77CA001B33D4 /* SceneDelegate.swift */; };
		782FE13D2A0A77CA001B33D4 /* ViewController.swift in Sources */ = {isa = PBXBuildFile; fileRef = 782FE13C2A0A77CA001B33D4 /* ViewController.swift */; };
		782FE1402A0A77CA001B33D4 /* Main.storyboard in Resources */ = {isa = PBXBuildFile; fileRef = 782FE13E2A0A77CA001B33D4 /* Main.storyboard */; };
		782FE1422A0A77CB001B33D4 /* Assets.xcassets in Resources */ = {isa = PBXBuildFile; fileRef = 782FE1412A0A77CB001B33D4 /* Assets.xcassets */; };
		782FE1452A0A77CB001B33D4 /* LaunchScreen.storyboard in Resources */ = {isa = PBXBuildFile; fileRef = 782FE1432A0A77CB001B33D4 /* LaunchScreen.storyboard */; };
/* End PBXBuildFile section */

/* Begin PBXFileReference section */
		71952A098607621BE60108BC /* Pods_PLAttendance.framework */ = {isa = PBXFileReference; explicitFileType = wrapper.framework; includeInIndex = 0; path = Pods_PLAttendance.framework; sourceTree = BUILT_PRODUCTS_DIR; };
		782FE1352A0A77CA001B33D4 /* PLAttendance.app */ = {isa = PBXFileReference; explicitFileType = wrapper.application; includeInIndex = 0; path = PLAttendance.app; sourceTree = BUILT_PRODUCTS_DIR; };
		782FE1382A0A77CA001B33D4 /* AppDelegate.swift */ = {isa = PBXFileReference; lastKnownFileType = sourcecode.swift; path = AppDelegate.swift; sourceTree = "<group>"; };
		782FE13A2A0A77CA001B33D4 /* SceneDelegate.swift */ = {isa = PBXFileReference; lastKnownFileType = sourcecode.swift; path = SceneDelegate.swift; sourceTree = "<group>"; };
		782FE13C2A0A77CA001B33D4 /* ViewController.swift */ = {isa = PBXFileReference; lastKnownFileType = sourcecode.swift; path = ViewController.swift; sourceTree = "<group>"; };
		782FE13F2A0A77CA001B33D4 /* Base */ = {isa = PBXFileReference; lastKnownFileType = file.storyboard; name = Base; path = Base.lproj/Main.storyboard; sourceTree = "<group>"; };
		782FE1412A0A77CB001B33D4 /* Assets.xcassets */ = {isa = PBXFileReference; lastKnownFileType = folder.assetcatalog; path = Assets.xcassets; sourceTree = "<group>"; };
		782FE1442A0A77CB001B33D4 /* Base */ = {isa = PBXFileReference; lastKnownFileType = file.storyboard; name = Base; path = Base.lproj/LaunchScreen.storyboard; sourceTree = "<group>"; };
		782FE1462A0A77CB001B33D4 /* Info.plist */ = {isa = PBXFileReference; lastKnownFileType = text.plist.xml; path = Info.plist; sourceTree = "<group>"; };
		CDE66E704B10493B75DDD7FC /* Pods-PLAttendance.debug.xcconfig */ = {isa = PBXFileReference; includeInIndex = 1; lastKnownFileType = text.xcconfig; name = "Pods-PLAttendance.debug.xcconfig"; path = "Target Support Files/Pods-PLAttendance/Pods-PLAttendance.debug.xcconfig"; sourceTree = "<group>"; };
		DF6C0EE4834D0EAED4EE9362 /* Pods-PLAttendance.release.xcconfig */ = {isa = PBXFileReference; includeInIndex = 1; lastKnownFileType = text.xcconfig; name = "Pods-PLAttendance.release.xcconfig"; path = "Target Support Files/Pods-PLAttendance/Pods-PLAttendance.release.xcconfig"; sourceTree = "<group>"; };
/* End PBXFileReference section */

/* Begin PBXFrameworksBuildPhase section */
		782FE1322A0A77CA001B33D4 /* Frameworks */ = {
			isa = PBXFrameworksBuildPhase;
			buildActionMask = 2147483647;
			files = (
				57E87FAA6F420BB039D335D1 /* Pods_PLAttendance.framework in Frameworks */,
			);
			runOnlyForDeploymentPostprocessing = 0;
		};
/* End PBXFrameworksBuildPhase section */

/* Begin PBXGroup section */
		6EC42C48B8AE157D39F78708 /* Frameworks */ = {
			isa = PBXGroup;
			children = (
				71952A098607621BE60108BC /* Pods_PLAttendance.framework */,
			);
			name = Frameworks;
			sourceTree = "<group>";
		};
		7005315BEDF8A82FCB002179 /* Pods */ = {
			isa = PBXGroup;
			children = (
				CDE66E704B10493B75DDD7FC /* Pods-PLAttendance.debug.xcconfig */,
				DF6C0EE4834D0EAED4EE9362 /* Pods-PLAttendance.release.xcconfig */,
			);
			name = Pods;
			path = Pods;
			sourceTree = "<group>";
		};
		782FE12C2A0A77CA001B33D4 = {
			isa = PBXGroup;
			children = (
				782FE1372A0A77CA001B33D4 /* PLAttendance */,
				782FE1362A0A77CA001B33D4 /* Products */,
				7005315BEDF8A82FCB002179 /* Pods */,
				6EC42C48B8AE157D39F78708 /* Frameworks */,
			);
			sourceTree = "<group>";
		};
		782FE1362A0A77CA001B33D4 /* Products */ = {
			isa = PBXGroup;
			children = (
				782FE1352A0A77CA001B33D4 /* PLAttendance.app */,
			);
			name = Products;
			sourceTree = "<group>";
		};
		782FE1372A0A77CA001B33D4 /* PLAttendance */ = {
			isa = PBXGroup;
			children = (
				782FE1382A0A77CA001B33D4 /* AppDelegate.swift */,
				782FE13A2A0A77CA001B33D4 /* SceneDelegate.swift */,
				782FE13C2A0A77CA001B33D4 /* ViewController.swift */,
				782FE13E2A0A77CA001B33D4 /* Main.storyboard */,
				782FE1412A0A77CB001B33D4 /* Assets.xcassets */,
				782FE1432A0A77CB001B33D4 /* LaunchScreen.storyboard */,
				782FE1462A0A77CB001B33D4 /* Info.plist */,
			);
			path = PLAttendance;
			sourceTree = "<group>";
		};
/* End PBXGroup section */

/* Begin PBXNativeTarget section */
		782FE1342A0A77CA001B33D4 /* PLAttendance */ = {
			isa = PBXNativeTarget;
			buildConfigurationList = 782FE1492A0A77CB001B33D4 /* Build configuration list for PBXNativeTarget "PLAttendance" */;
			buildPhases = (
				CA50ED285D185541CA6777EE /* [CP] Check Pods Manifest.lock */,
				782FE1312A0A77CA001B33D4 /* Sources */,
				782FE1322A0A77CA001B33D4 /* Frameworks */,
				782FE1332A0A77CA001B33D4 /* Resources */,
			);
			buildRules = (
			);
			dependencies = (
			);
			name = PLAttendance;
			productName = PLAttendance;
			productReference = 782FE1352A0A77CA001B33D4 /* PLAttendance.app */;
			productType = "com.apple.product-type.application";
		};
/* End PBXNativeTarget section */

/* Begin PBXProject section */
		782FE12D2A0A77CA001B33D4 /* Project object */ = {
			isa = PBXProject;
			attributes = {
				BuildIndependentTargetsInParallel = 1;
				LastSwiftUpdateCheck = 1420;
				LastUpgradeCheck = 1420;
				TargetAttributes = {
					782FE1342A0A77CA001B33D4 = {
						CreatedOnToolsVersion = 14.2;
					};
				};
			};
			buildConfigurationList = 782FE1302A0A77CA001B33D4 /* Build configuration list for PBXProject "PLAttendance" */;
			compatibilityVersion = "Xcode 14.0";
			developmentRegion = en;
			hasScannedForEncodings = 0;
			knownRegions = (
				en,
				Base,
			);
			mainGroup = 782FE12C2A0A77CA001B33D4;
			productRefGroup = 782FE1362A0A77CA001B33D4 /* Products */;
			projectDirPath = "";
			projectRoot = "";
			targets = (
				782FE1342A0A77CA001B33D4 /* PLAttendance */,
			);
		};
/* End PBXProject section */

/* Begin PBXResourcesBuildPhase section */
		782FE1332A0A77CA001B33D4 /* Resources */ = {
			isa = PBXResourcesBuildPhase;
			buildActionMask = 2147483647;
			files = (
				782FE1452A0A77CB001B33D4 /* LaunchScreen.storyboard in Resources */,
				782FE1422A0A77CB001B33D4 /* Assets.xcassets in Resources */,
				782FE1402A0A77CA001B33D4 /* Main.storyboard in Resources */,
			);
			runOnlyForDeploymentPostprocessing = 0;
		};
/* End PBXResourcesBuildPhase section */

/* Begin PBXShellScriptBuildPhase section */
		CA50ED285D185541CA6777EE /* [CP] Check Pods Manifest.lock */ = {
			isa = PBXShellScriptBuildPhase;
			buildActionMask = 2147483647;
			files = (
			);
			inputFileListPaths = (
			);
			inputPaths = (
				"${PODS_PODFILE_DIR_PATH}/Podfile.lock",
				"${PODS_ROOT}/Manifest.lock",
			);
			name = "[CP] Check Pods Manifest.lock";
			outputFileListPaths = (
			);
			outputPaths = (
				"$(DERIVED_FILE_DIR)/Pods-PLAttendance-checkManifestLockResult.txt",
			);
			runOnlyForDeploymentPostprocessing = 0;
			shellPath = /bin/sh;
			shellScript = "diff \"${PODS_PODFILE_DIR_PATH}/Podfile.lock\" \"${PODS_ROOT}/Manifest.lock\" > /dev/null\nif [ $? != 0 ] ; then\n    # print error to STDERR\n    echo \"error: The sandbox is not in sync with the Podfile.lock. Run 'pod install' or update your CocoaPods installation.\" >&2\n    exit 1\nfi\n# This output is used by Xcode 'outputs' to avoid re-running this script phase.\necho \"SUCCESS\" > \"${SCRIPT_OUTPUT_FILE_0}\"\n";
			showEnvVarsInLog = 0;
		};
/* End PBXShellScriptBuildPhase section */

/* Begin PBXSourcesBuildPhase section */
		782FE1312A0A77CA001B33D4 /* Sources */ = {
			isa = PBXSourcesBuildPhase;
			buildActionMask = 2147483647;
			files = (
				782FE13D2A0A77CA001B33D4 /* ViewController.swift in Sources */,
				782FE1392A0A77CA001B33D4 /* AppDelegate.swift in Sources */,
				782FE13B2A0A77CA001B33D4 /* SceneDelegate.swift in Sources */,
			);
			runOnlyForDeploymentPostprocessing = 0;
		};
/* End PBXSourcesBuildPhase section */

/* Begin PBXVariantGroup section */
		782FE13E2A0A77CA001B33D4 /* Main.storyboard */ = {
			isa = PBXVariantGroup;
			children = (
				782FE13F2A0A77CA001B33D4 /* Base */,
			);
			name = Main.storyboard;
			sourceTree = "<group>";
		};
		782FE1432A0A77CB001B33D4 /* LaunchScreen.storyboard */ = {
			isa = PBXVariantGroup;
			children = (
				782FE1442A0A77CB001B33D4 /* Base */,
			);
			name = LaunchScreen.storyboard;
			sourceTree = "<group>";
		};
/* End PBXVariantGroup section */

/* Begin XCBuildConfiguration section */
		782FE1472A0A77CB001B33D4 /* Debug */ = {
			isa = XCBuildConfiguration;
			buildSettings = {
				ALWAYS_SEARCH_USER_PATHS = NO;
				CLANG_ANALYZER_NONNULL = YES;
				CLANG_ANALYZER_NUMBER_OBJECT_CONVERSION = YES_AGGRESSIVE;
				CLANG_CXX_LANGUAGE_STANDARD = "gnu++20";
				CLANG_ENABLE_MODULES = YES;
				CLANG_ENABLE_OBJC_ARC = YES;
				CLANG_ENABLE_OBJC_WEAK = YES;
				CLANG_WARN_BLOCK_CAPTURE_AUTORELEASING = YES;
				CLANG_WARN_BOOL_CONVERSION = YES;
				CLANG_WARN_COMMA = YES;
				CLANG_WARN_CONSTANT_CONVERSION = YES;
				CLANG_WARN_DEPRECATED_OBJC_IMPLEMENTATIONS = YES;
				CLANG_WARN_DIRECT_OBJC_ISA_USAGE = YES_ERROR;
				CLANG_WARN_DOCUMENTATION_COMMENTS = YES;
				CLANG_WARN_EMPTY_BODY = YES;
				CLANG_WARN_ENUM_CONVERSION = YES;
				CLANG_WARN_INFINITE_RECURSION = YES;
				CLANG_WARN_INT_CONVERSION = YES;
				CLANG_WARN_NON_LITERAL_NULL_CONVERSION = YES;
				CLANG_WARN_OBJC_IMPLICIT_RETAIN_SELF = YES;
				CLANG_WARN_OBJC_LITERAL_CONVERSION = YES;
				CLANG_WARN_OBJC_ROOT_CLASS = YES_ERROR;
				CLANG_WARN_QUOTED_INCLUDE_IN_FRAMEWORK_HEADER = YES;
				CLANG_WARN_RANGE_LOOP_ANALYSIS = YES;
				CLANG_WARN_STRICT_PROTOTYPES = YES;
				CLANG_WARN_SUSPICIOUS_MOVE = YES;
				CLANG_WARN_UNGUARDED_AVAILABILITY = YES_AGGRESSIVE;
				CLANG_WARN_UNREACHABLE_CODE = YES;
				CLANG_WARN__DUPLICATE_METHOD_MATCH = YES;
				COPY_PHASE_STRIP = NO;
				DEBUG_INFORMATION_FORMAT = dwarf;
				ENABLE_STRICT_OBJC_MSGSEND = YES;
				ENABLE_TESTABILITY = YES;
				GCC_C_LANGUAGE_STANDARD = gnu11;
				GCC_DYNAMIC_NO_PIC = NO;
				GCC_NO_COMMON_BLOCKS = YES;
				GCC_OPTIMIZATION_LEVEL = 0;
				GCC_PREPROCESSOR_DEFINITIONS = (
					"DEBUG=1",
					"$(inherited)",
				);
				GCC_WARN_64_TO_32_BIT_CONVERSION = YES;
				GCC_WARN_ABOUT_RETURN_TYPE = YES_ERROR;
				GCC_WARN_UNDECLARED_SELECTOR = YES;
				GCC_WARN_UNINITIALIZED_AUTOS = YES_AGGRESSIVE;
				GCC_WARN_UNUSED_FUNCTION = YES;
				GCC_WARN_UNUSED_VARIABLE = YES;
				IPHONEOS_DEPLOYMENT_TARGET = 16.2;
				MTL_ENABLE_DEBUG_INFO = INCLUDE_SOURCE;
				MTL_FAST_MATH = YES;
				ONLY_ACTIVE_ARCH = YES;
				SDKROOT = iphoneos;
				SWIFT_ACTIVE_COMPILATION_CONDITIONS = DEBUG;
				SWIFT_OPTIMIZATION_LEVEL = "-Onone";
			};
			name = Debug;
		};
		782FE1482A0A77CB001B33D4 /* Release */ = {
			isa = XCBuildConfiguration;
			buildSettings = {
				ALWAYS_SEARCH_USER_PATHS = NO;
				CLANG_ANALYZER_NONNULL = YES;
				CLANG_ANALYZER_NUMBER_OBJECT_CONVERSION = YES_AGGRESSIVE;
				CLANG_CXX_LANGUAGE_STANDARD = "gnu++20";
				CLANG_ENABLE_MODULES = YES;
				CLANG_ENABLE_OBJC_ARC = YES;
				CLANG_ENABLE_OBJC_WEAK = YES;
				CLANG_WARN_BLOCK_CAPTURE_AUTORELEASING = YES;
				CLANG_WARN_BOOL_CONVERSION = YES;
				CLANG_WARN_COMMA = YES;
				CLANG_WARN_CONSTANT_CONVERSION = YES;
				CLANG_WARN_DEPRECATED_OBJC_IMPLEMENTATIONS = YES;
				CLANG_WARN_DIRECT_OBJC_ISA_USAGE = YES_ERROR;
				CLANG_WARN_DOCUMENTATION_COMMENTS = YES;
				CLANG_WARN_EMPTY_BODY = YES;
				CLANG_WARN_ENUM_CONVERSION = YES;
				CLANG_WARN_INFINITE_RECURSION = YES;
				CLANG_WARN_INT_CONVERSION = YES;
				CLANG_WARN_NON_LITERAL_NULL_CONVERSION = YES;
				CLANG_WARN_OBJC_IMPLICIT_RETAIN_SELF = YES;
				CLANG_WARN_OBJC_LITERAL_CONVERSION = YES;
				CLANG_WARN_OBJC_ROOT_CLASS = YES_ERROR;
				CLANG_WARN_QUOTED_INCLUDE_IN_FRAMEWORK_HEADER = YES;
				CLANG_WARN_RANGE_LOOP_ANALYSIS = YES;
				CLANG_WARN_STRICT_PROTOTYPES = YES;
				CLANG_WARN_SUSPICIOUS_MOVE = YES;
				CLANG_WARN_UNGUARDED_AVAILABILITY = YES_AGGRESSIVE;
				CLANG_WARN_UNREACHABLE_CODE = YES;
				CLANG_WARN__DUPLICATE_METHOD_MATCH = YES;
				COPY_PHASE_STRIP = NO;
				DEBUG_INFORMATION_FORMAT = "dwarf-with-dsym";
				ENABLE_NS_ASSERTIONS = NO;
				ENABLE_STRICT_OBJC_MSGSEND = YES;
				GCC_C_LANGUAGE_STANDARD = gnu11;
				GCC_NO_COMMON_BLOCKS = YES;
				GCC_WARN_64_TO_32_BIT_CONVERSION = YES;
				GCC_WARN_ABOUT_RETURN_TYPE = YES_ERROR;
				GCC_WARN_UNDECLARED_SELECTOR = YES;
				GCC_WARN_UNINITIALIZED_AUTOS = YES_AGGRESSIVE;
				GCC_WARN_UNUSED_FUNCTION = YES;
				GCC_WARN_UNUSED_VARIABLE = YES;
				IPHONEOS_DEPLOYMENT_TARGET = 16.2;
				MTL_ENABLE_DEBUG_INFO = NO;
				MTL_FAST_MATH = YES;
				SDKROOT = iphoneos;
				SWIFT_COMPILATION_MODE = wholemodule;
				SWIFT_OPTIMIZATION_LEVEL = "-O";
				VALIDATE_PRODUCT = YES;
			};
			name = Release;
		};
		782FE14A2A0A77CB001B33D4 /* Debug */ = {
			isa = XCBuildConfiguration;
			baseConfigurationReference = CDE66E704B10493B75DDD7FC /* Pods-PLAttendance.debug.xcconfig */;
			buildSettings = {
				ASSETCATALOG_COMPILER_APPICON_NAME = AppIcon;
				ASSETCATALOG_COMPILER_GLOBAL_ACCENT_COLOR_NAME = AccentColor;
				CODE_SIGN_STYLE = Automatic;
				CURRENT_PROJECT_VERSION = 1;
				DEVELOPMENT_TEAM = D2DRA3F792;
				GENERATE_INFOPLIST_FILE = YES;
				INFOPLIST_FILE = PLAttendance/Info.plist;
				INFOPLIST_KEY_UIApplicationSupportsIndirectInputEvents = YES;
				INFOPLIST_KEY_UILaunchStoryboardName = LaunchScreen;
				INFOPLIST_KEY_UIMainStoryboardFile = Main;
				INFOPLIST_KEY_UISupportedInterfaceOrientations_iPad = "UIInterfaceOrientationPortrait UIInterfaceOrientationPortraitUpsideDown UIInterfaceOrientationLandscapeLeft UIInterfaceOrientationLandscapeRight";
				INFOPLIST_KEY_UISupportedInterfaceOrientations_iPhone = "UIInterfaceOrientationPortrait UIInterfaceOrientationLandscapeLeft UIInterfaceOrientationLandscapeRight";
				LD_RUNPATH_SEARCH_PATHS = (
					"$(inherited)",
					"@executable_path/Frameworks",
				);
				MARKETING_VERSION = 1.0;
				PRODUCT_BUNDLE_IDENTIFIER = yizi.com.PLAttendance;
				PRODUCT_NAME = "$(TARGET_NAME)";
				SWIFT_EMIT_LOC_STRINGS = YES;
				SWIFT_VERSION = 5.0;
				TARGETED_DEVICE_FAMILY = "1,2";
			};
			name = Debug;
		};
		782FE14B2A0A77CB001B33D4 /* Release */ = {
			isa = XCBuildConfiguration;
			baseConfigurationReference = DF6C0EE4834D0EAED4EE9362 /* Pods-PLAttendance.release.xcconfig */;
			buildSettings = {
				ASSETCATALOG_COMPILER_APPICON_NAME = AppIcon;
				ASSETCATALOG_COMPILER_GLOBAL_ACCENT_COLOR_NAME = AccentColor;
				CODE_SIGN_STYLE = Automatic;
				CURRENT_PROJECT_VERSION = 1;
				DEVELOPMENT_TEAM = D2DRA3F792;
				GENERATE_INFOPLIST_FILE = YES;
				INFOPLIST_FILE = PLAttendance/Info.plist;
				INFOPLIST_KEY_UIApplicationSupportsIndirectInputEvents = YES;
				INFOPLIST_KEY_UILaunchStoryboardName = LaunchScreen;
				INFOPLIST_KEY_UIMainStoryboardFile = Main;
				INFOPLIST_KEY_UISupportedInterfaceOrientations_iPad = "UIInterfaceOrientationPortrait UIInterfaceOrientationPortraitUpsideDown UIInterfaceOrientationLandscapeLeft UIInterfaceOrientationLandscapeRight";
				INFOPLIST_KEY_UISupportedInterfaceOrientations_iPhone = "UIInterfaceOrientationPortrait UIInterfaceOrientationLandscapeLeft UIInterfaceOrientationLandscapeRight";
				LD_RUNPATH_SEARCH_PATHS = (
					"$(inherited)",
					"@executable_path/Frameworks",
				);
				MARKETING_VERSION = 1.0;
				PRODUCT_BUNDLE_IDENTIFIER = yizi.com.PLAttendance;
				PRODUCT_NAME = "$(TARGET_NAME)";
				SWIFT_EMIT_LOC_STRINGS = YES;
				SWIFT_VERSION = 5.0;
				TARGETED_DEVICE_FAMILY = "1,2";
			};
			name = Release;
		};
/* End XCBuildConfiguration section */

/* Begin XCConfigurationList section */
		782FE1302A0A77CA001B33D4 /* Build configuration list for PBXProject "PLAttendance" */ = {
			isa = XCConfigurationList;
			buildConfigurations = (
				782FE1472A0A77CB001B33D4 /* Debug */,
				782FE1482A0A77CB001B33D4 /* Release */,
			);
			defaultConfigurationIsVisible = 0;
			defaultConfigurationName = Release;
		};
		782FE1492A0A77CB001B33D4 /* Build configuration list for PBXNativeTarget "PLAttendance" */ = {
			isa = XCConfigurationList;
			buildConfigurations = (
				782FE14A2A0A77CB001B33D4 /* Debug */,
				782FE14B2A0A77CB001B33D4 /* Release */,
			);
			defaultConfigurationIsVisible = 0;
			defaultConfigurationName = Release;
		};
/* End XCConfigurationList section */
	};
	rootObject = 782FE12D2A0A77CA001B33D4 /* Project object */;
}
